
Microsoft Visual Studio Solution File, Format Version 12.00
# Visual Studio 2013
VisualStudioVersion = 12.0.40629.0
MinimumVisualStudioVersion = 10.0.40219.1
Project("{FAE04EC0-301F-11D3-BF4B-00C04F79EFBC}") = "DSCSchedule", "DSCSchedule\DSCSchedule.csproj", "{665A7276-E0F0-4F92-A005-85D45DE7C37A}"
EndProject
Global
	GlobalSection(TeamFoundationVersionControl) = preSolution
		SccNumberOfProjects = 2
		SccEnterpriseProvider = {4CA58AB2-18FA-4F8D-95D4-32DDF27D184C}
		SccTeamFoundationServer = http://192.168.2.112:8080/tfs/defaultcollection
		SccLocalPath0 = .
		SccProjectUniqueName1 = DSCSchedule\\DSCSchedule.csproj
		SccProjectName1 = DSCSchedule
		SccLocalPath1 = DSCSchedule
	EndGlobalSection
	GlobalSection(SolutionConfigurationPlatforms) = preSolution
		Debug|Any CPU = Debug|Any CPU
		Release|Any CPU = Release|Any CPU
	EndGlobalSection
	GlobalSection(ProjectConfigurationPlatforms) = postSolution
		{665A7276-E0F0-4F92-A005-85D45DE7C37A}.Debug|Any CPU.ActiveCfg = Debug|Any CPU
		{665A7276-E0F0-4F92-A005-85D45DE7C37A}.Debug|Any CPU.Build.0 = Debug|Any CPU
		{665A7276-E0F0-4F92-A005-85D45DE7C37A}.Release|Any CPU.ActiveCfg = Release|Any CPU
		{665A7276-E0F0-4F92-A005-85D45DE7C37A}.Release|Any CPU.Build.0 = Release|Any CPU
	EndGlobalSection
	GlobalSection(SolutionProperties) = preSolution
		HideSolutionNode = FALSE
	EndGlobalSection
EndGlobal
